{
  "name": "@amanda-cli-dev/core",
  "version": "1.0.3",
  "lockfileVersion": 2,
  "requires": true,
  "packages": {
    "": {
      "name": "@amanda-cli-dev/core",
      "version": "1.0.4",
      "license": "ISC",
      "dependencies": {
        "@amanda-cli-dev/utils": "file:../utils"
      },
      "bin": {
        "amanda-cli-dev": "bin/index.js"
      }
    },
    "../utils": {
      "name": "@amanda-cli-dev/utils",
      "version": "1.0.4",
      "license": "ISC"
    },
    "node_modules/@amanda-cli-dev/utils": {
      "resolved": "../utils",
      "link": true
    }
  },
  "dependencies": {
    "@amanda-cli-dev/utils": {
      "version": "file:../utils"
    }
  }
}
